// !$*UTF8*$!
{
	archiveVersion = 1;
	classes = {
	};
	objectVersion = 56;
	objects = {

/* Begin PBXBuildFile section */
		151ED07F2B8F1F0100273F71 /* AppDelegate.swift in Sources */ = {isa = PBXBuildFile; fileRef = 151ED07E2B8F1F0100273F71 /* AppDelegate.swift */; };
		151ED0812B8F1F0100273F71 /* SceneDelegate.swift in Sources */ = {isa = PBXBuildFile; fileRef = 151ED0802B8F1F0100273F71 /* SceneDelegate.swift */; };
		151ED0832B8F1F0100273F71 /* ViewController.swift in Sources */ = {isa = PBXBuildFile; fileRef = 151ED0822B8F1F0100273F71 /* ViewController.swift */; };
		151ED0862B8F1F0100273F71 /* Main.storyboard in Resources */ = {isa = PBXBuildFile; fileRef = 151ED0842B8F1F0100273F71 /* Main.storyboard */; };
		151ED0882B8F1F0200273F71 /* Assets.xcassets in Resources */ = {isa = PBXBuildFile; fileRef = 151ED0872B8F1F0200273F71 /* Assets.xcassets */; };
		151ED08B2B8F1F0200273F71 /* LaunchScreen.storyboard in Resources */ = {isa = PBXBuildFile; fileRef = 151ED0892B8F1F0200273F71 /* LaunchScreen.storyboard */; };
		151ED0972B8F1FB200273F71 /* UiDayPickerDialog.swift in Sources */ = {isa = PBXBuildFile; fileRef = 151ED0962B8F1FB200273F71 /* UiDayPickerDialog.swift */; };
		151ED0992B8F1FCA00273F71 /* UiDayPickerCell.swift in Sources */ = {isa = PBXBuildFile; fileRef = 151ED0982B8F1FCA00273F71 /* UiDayPickerCell.swift */; };
		151ED09B2B8F1FFF00273F71 /* UiColor+Extension.swift in Sources */ = {isa = PBXBuildFile; fileRef = 151ED09A2B8F1FFF00273F71 /* UiColor+Extension.swift */; };
		151ED09D2B8F201300273F71 /* UiView+TapListener.swift in Sources */ = {isa = PBXBuildFile; fileRef = 151ED09C2B8F201300273F71 /* UiView+TapListener.swift */; };
		151ED09F2B8F205500273F71 /* DayButton.swift in Sources */ = {isa = PBXBuildFile; fileRef = 151ED09E2B8F205500273F71 /* DayButton.swift */; };
		169E1996435F17EDECBF1AD3 /* Pods_UiCustomLibs.framework in Frameworks */ = {isa = PBXBuildFile; fileRef = 1268992E2765B77C9C9470D2 /* Pods_UiCustomLibs.framework */; };
/* End PBXBuildFile section */

/* Begin PBXFileReference section */
		01FAB85CAE14423BB06A5202 /* Pods-UiCustomLibs.release.xcconfig */ = {isa = PBXFileReference; includeInIndex = 1; lastKnownFileType = text.xcconfig; name = "Pods-UiCustomLibs.release.xcconfig"; path = "Target Support Files/Pods-UiCustomLibs/Pods-UiCustomLibs.release.xcconfig"; sourceTree = "<group>"; };
		1268992E2765B77C9C9470D2 /* Pods_UiCustomLibs.framework */ = {isa = PBXFileReference; explicitFileType = wrapper.framework; includeInIndex = 0; path = Pods_UiCustomLibs.framework; sourceTree = BUILT_PRODUCTS_DIR; };
		151ED07B2B8F1F0100273F71 /* UiCustomLibs.app */ = {isa = PBXFileReference; explicitFileType = wrapper.application; includeInIndex = 0; path = UiCustomLibs.app; sourceTree = BUILT_PRODUCTS_DIR; };
		151ED07E2B8F1F0100273F71 /* AppDelegate.swift */ = {isa = PBXFileReference; lastKnownFileType = sourcecode.swift; path = AppDelegate.swift; sourceTree = "<group>"; };
		151ED0802B8F1F0100273F71 /* SceneDelegate.swift */ = {isa = PBXFileReference; lastKnownFileType = sourcecode.swift; path = SceneDelegate.swift; sourceTree = "<group>"; };
		151ED0822B8F1F0100273F71 /* ViewController.swift */ = {isa = PBXFileReference; lastKnownFileType = sourcecode.swift; path = ViewController.swift; sourceTree = "<group>"; };
		151ED0852B8F1F0100273F71 /* Base */ = {isa = PBXFileReference; lastKnownFileType = file.storyboard; name = Base; path = Base.lproj/Main.storyboard; sourceTree = "<group>"; };
		151ED0872B8F1F0200273F71 /* Assets.xcassets */ = {isa = PBXFileReference; lastKnownFileType = folder.assetcatalog; path = Assets.xcassets; sourceTree = "<group>"; };
		151ED08A2B8F1F0200273F71 /* Base */ = {isa = PBXFileReference; lastKnownFileType = file.storyboard; name = Base; path = Base.lproj/LaunchScreen.storyboard; sourceTree = "<group>"; };
		151ED08C2B8F1F0200273F71 /* Info.plist */ = {isa = PBXFileReference; lastKnownFileType = text.plist.xml; path = Info.plist; sourceTree = "<group>"; };
		151ED0962B8F1FB200273F71 /* UiDayPickerDialog.swift */ = {isa = PBXFileReference; lastKnownFileType = sourcecode.swift; path = UiDayPickerDialog.swift; sourceTree = "<group>"; };
		151ED0982B8F1FCA00273F71 /* UiDayPickerCell.swift */ = {isa = PBXFileReference; lastKnownFileType = sourcecode.swift; path = UiDayPickerCell.swift; sourceTree = "<group>"; };
		151ED09A2B8F1FFF00273F71 /* UiColor+Extension.swift */ = {isa = PBXFileReference; lastKnownFileType = sourcecode.swift; path = "UiColor+Extension.swift"; sourceTree = "<group>"; };
		151ED09C2B8F201300273F71 /* UiView+TapListener.swift */ = {isa = PBXFileReference; lastKnownFileType = sourcecode.swift; path = "UiView+TapListener.swift"; sourceTree = "<group>"; };
		151ED09E2B8F205500273F71 /* DayButton.swift */ = {isa = PBXFileReference; lastKnownFileType = sourcecode.swift; path = DayButton.swift; sourceTree = "<group>"; };
		ADC0C8B3FC23F43FE6D88131 /* Pods-UiCustomLibs.debug.xcconfig */ = {isa = PBXFileReference; includeInIndex = 1; lastKnownFileType = text.xcconfig; name = "Pods-UiCustomLibs.debug.xcconfig"; path = "Target Support Files/Pods-UiCustomLibs/Pods-UiCustomLibs.debug.xcconfig"; sourceTree = "<group>"; };
/* End PBXFileReference section */

/* Begin PBXFrameworksBuildPhase section */
		151ED0782B8F1F0100273F71 /* Frameworks */ = {
			isa = PBXFrameworksBuildPhase;
			buildActionMask = 2147483647;
			files = (
				169E1996435F17EDECBF1AD3 /* Pods_UiCustomLibs.framework in Frameworks */,
			);
			runOnlyForDeploymentPostprocessing = 0;
		};
/* End PBXFrameworksBuildPhase section */

/* Begin PBXGroup section */
		151ED0722B8F1F0100273F71 = {
			isa = PBXGroup;
			children = (
				151ED07D2B8F1F0100273F71 /* UiCustomLibs */,
				151ED07C2B8F1F0100273F71 /* Products */,
				AEE6A66387146DA41BF48AA1 /* Pods */,
				7C48EE74EBC25025C98269ED /* Frameworks */,
			);
			sourceTree = "<group>";
		};
		151ED07C2B8F1F0100273F71 /* Products */ = {
			isa = PBXGroup;
			children = (
				151ED07B2B8F1F0100273F71 /* UiCustomLibs.app */,
			);
			name = Products;
			sourceTree = "<group>";
		};
		151ED07D2B8F1F0100273F71 /* UiCustomLibs */ = {
			isa = PBXGroup;
			children = (
				151ED0932B8F1F7800273F71 /* tools */,
				151ED0922B8F1F6F00273F71 /* daypicker */,
				151ED07E2B8F1F0100273F71 /* AppDelegate.swift */,
				151ED0802B8F1F0100273F71 /* SceneDelegate.swift */,
				151ED0822B8F1F0100273F71 /* ViewController.swift */,
				151ED0842B8F1F0100273F71 /* Main.storyboard */,
				151ED0872B8F1F0200273F71 /* Assets.xcassets */,
				151ED0892B8F1F0200273F71 /* LaunchScreen.storyboard */,
				151ED08C2B8F1F0200273F71 /* Info.plist */,
			);
			path = UiCustomLibs;
			sourceTree = "<group>";
		};
		151ED0922B8F1F6F00273F71 /* daypicker */ = {
			isa = PBXGroup;
			children = (
				151ED0952B8F1F9500273F71 /* component */,
				151ED0942B8F1F8100273F71 /* cell */,
				151ED0962B8F1FB200273F71 /* UiDayPickerDialog.swift */,
			);
			path = daypicker;
			sourceTree = "<group>";
		};
		151ED0932B8F1F7800273F71 /* tools */ = {
			isa = PBXGroup;
			children = (
				151ED09A2B8F1FFF00273F71 /* UiColor+Extension.swift */,
				151ED09C2B8F201300273F71 /* UiView+TapListener.swift */,
			);
			path = tools;
			sourceTree = "<group>";
		};
		151ED0942B8F1F8100273F71 /* cell */ = {
			isa = PBXGroup;
			children = (
				151ED0982B8F1FCA00273F71 /* UiDayPickerCell.swift */,
			);
			path = cell;
			sourceTree = "<group>";
		};
		151ED0952B8F1F9500273F71 /* component */ = {
			isa = PBXGroup;
			children = (
				151ED09E2B8F205500273F71 /* DayButton.swift */,
			);
			path = component;
			sourceTree = "<group>";
		};
		7C48EE74EBC25025C98269ED /* Frameworks */ = {
			isa = PBXGroup;
			children = (
				1268992E2765B77C9C9470D2 /* Pods_UiCustomLibs.framework */,
			);
			name = Frameworks;
			sourceTree = "<group>";
		};
		AEE6A66387146DA41BF48AA1 /* Pods */ = {
			isa = PBXGroup;
			children = (
				ADC0C8B3FC23F43FE6D88131 /* Pods-UiCustomLibs.debug.xcconfig */,
				01FAB85CAE14423BB06A5202 /* Pods-UiCustomLibs.release.xcconfig */,
			);
			path = Pods;
			sourceTree = "<group>";
		};
/* End PBXGroup section */

/* Begin PBXNativeTarget section */
		151ED07A2B8F1F0100273F71 /* UiCustomLibs */ = {
			isa = PBXNativeTarget;
			buildConfigurationList = 151ED08F2B8F1F0200273F71 /* Build configuration list for PBXNativeTarget "UiCustomLibs" */;
			buildPhases = (
				FA8303D272EEADA733019B3B /* [CP] Check Pods Manifest.lock */,
				151ED0772B8F1F0100273F71 /* Sources */,
				151ED0782B8F1F0100273F71 /* Frameworks */,
				151ED0792B8F1F0100273F71 /* Resources */,
				4503D17C9F526CC07990C987 /* [CP] Embed Pods Frameworks */,
			);
			buildRules = (
			);
			dependencies = (
			);
			name = UiCustomLibs;
			productName = UiCustomLibs;
			productReference = 151ED07B2B8F1F0100273F71 /* UiCustomLibs.app */;
			productType = "com.apple.product-type.application";
		};
/* End PBXNativeTarget section */

/* Begin PBXProject section */
		151ED0732B8F1F0100273F71 /* Project object */ = {
			isa = PBXProject;
			attributes = {
				BuildIndependentTargetsInParallel = 1;
				LastSwiftUpdateCheck = 1520;
				LastUpgradeCheck = 1520;
				TargetAttributes = {
					151ED07A2B8F1F0100273F71 = {
						CreatedOnToolsVersion = 15.2;
					};
				};
			};
			buildConfigurationList = 151ED0762B8F1F0100273F71 /* Build configuration list for PBXProject "UiCustomLibs" */;
			compatibilityVersion = "Xcode 14.0";
			developmentRegion = en;
			hasScannedForEncodings = 0;
			knownRegions = (
				en,
				Base,
			);
			mainGroup = 151ED0722B8F1F0100273F71;
			productRefGroup = 151ED07C2B8F1F0100273F71 /* Products */;
			projectDirPath = "";
			projectRoot = "";
			targets = (
				151ED07A2B8F1F0100273F71 /* UiCustomLibs */,
			);
		};
/* End PBXProject section */

/* Begin PBXResourcesBuildPhase section */
		151ED0792B8F1F0100273F71 /* Resources */ = {
			isa = PBXResourcesBuildPhase;
			buildActionMask = 2147483647;
			files = (
				151ED08B2B8F1F0200273F71 /* LaunchScreen.storyboard in Resources */,
				151ED0882B8F1F0200273F71 /* Assets.xcassets in Resources */,
				151ED0862B8F1F0100273F71 /* Main.storyboard in Resources */,
			);
			runOnlyForDeploymentPostprocessing = 0;
		};
/* End PBXResourcesBuildPhase section */

/* Begin PBXShellScriptBuildPhase section */
		4503D17C9F526CC07990C987 /* [CP] Embed Pods Frameworks */ = {
			isa = PBXShellScriptBuildPhase;
			buildActionMask = 2147483647;
			files = (
			);
			inputFileListPaths = (
				"${PODS_ROOT}/Target Support Files/Pods-UiCustomLibs/Pods-UiCustomLibs-frameworks-${CONFIGURATION}-input-files.xcfilelist",
			);
			name = "[CP] Embed Pods Frameworks";
			outputFileListPaths = (
				"${PODS_ROOT}/Target Support Files/Pods-UiCustomLibs/Pods-UiCustomLibs-frameworks-${CONFIGURATION}-output-files.xcfilelist",
			);
			runOnlyForDeploymentPostprocessing = 0;
			shellPath = /bin/sh;
			shellScript = "\"${PODS_ROOT}/Target Support Files/Pods-UiCustomLibs/Pods-UiCustomLibs-frameworks.sh\"\n";
			showEnvVarsInLog = 0;
		};
		FA8303D272EEADA733019B3B /* [CP] Check Pods Manifest.lock */ = {
			isa = PBXShellScriptBuildPhase;
			buildActionMask = 2147483647;
			files = (
			);
			inputFileListPaths = (
			);
			inputPaths = (
				"${PODS_PODFILE_DIR_PATH}/Podfile.lock",
				"${PODS_ROOT}/Manifest.lock",
			);
			name = "[CP] Check Pods Manifest.lock";
			outputFileListPaths = (
			);
			outputPaths = (
				"$(DERIVED_FILE_DIR)/Pods-UiCustomLibs-checkManifestLockResult.txt",
			);
			runOnlyForDeploymentPostprocessing = 0;
			shellPath = /bin/sh;
			shellScript = "diff \"${PODS_PODFILE_DIR_PATH}/Podfile.lock\" \"${PODS_ROOT}/Manifest.lock\" > /dev/null\nif [ $? != 0 ] ; then\n    # print error to STDERR\n    echo \"error: The sandbox is not in sync with the Podfile.lock. Run 'pod install' or update your CocoaPods installation.\" >&2\n    exit 1\nfi\n# This output is used by Xcode 'outputs' to avoid re-running this script phase.\necho \"SUCCESS\" > \"${SCRIPT_OUTPUT_FILE_0}\"\n";
			showEnvVarsInLog = 0;
		};
/* End PBXShellScriptBuildPhase section */

/* Begin PBXSourcesBuildPhase section */
		151ED0772B8F1F0100273F71 /* Sources */ = {
			isa = PBXSourcesBuildPhase;
			buildActionMask = 2147483647;
			files = (
				151ED0972B8F1FB200273F71 /* UiDayPickerDialog.swift in Sources */,
				151ED09D2B8F201300273F71 /* UiView+TapListener.swift in Sources */,
				151ED0832B8F1F0100273F71 /* ViewController.swift in Sources */,
				151ED07F2B8F1F0100273F71 /* AppDelegate.swift in Sources */,
				151ED09F2B8F205500273F71 /* DayButton.swift in Sources */,
				151ED0812B8F1F0100273F71 /* SceneDelegate.swift in Sources */,
				151ED0992B8F1FCA00273F71 /* UiDayPickerCell.swift in Sources */,
				151ED09B2B8F1FFF00273F71 /* UiColor+Extension.swift in Sources */,
			);
			runOnlyForDeploymentPostprocessing = 0;
		};
/* End PBXSourcesBuildPhase section */

/* Begin PBXVariantGroup section */
		151ED0842B8F1F0100273F71 /* Main.storyboard */ = {
			isa = PBXVariantGroup;
			children = (
				151ED0852B8F1F0100273F71 /* Base */,
			);
			name = Main.storyboard;
			sourceTree = "<group>";
		};
		151ED0892B8F1F0200273F71 /* LaunchScreen.storyboard */ = {
			isa = PBXVariantGroup;
			children = (
				151ED08A2B8F1F0200273F71 /* Base */,
			);
			name = LaunchScreen.storyboard;
			sourceTree = "<group>";
		};
/* End PBXVariantGroup section */

/* Begin XCBuildConfiguration section */
		151ED08D2B8F1F0200273F71 /* Debug */ = {
			isa = XCBuildConfiguration;
			buildSettings = {
				ALWAYS_SEARCH_USER_PATHS = NO;
				ASSETCATALOG_COMPILER_GENERATE_SWIFT_ASSET_SYMBOL_EXTENSIONS = YES;
				CLANG_ANALYZER_NONNULL = YES;
				CLANG_ANALYZER_NUMBER_OBJECT_CONVERSION = YES_AGGRESSIVE;
				CLANG_CXX_LANGUAGE_STANDARD = "gnu++20";
				CLANG_ENABLE_MODULES = YES;
				CLANG_ENABLE_OBJC_ARC = YES;
				CLANG_ENABLE_OBJC_WEAK = YES;
				CLANG_WARN_BLOCK_CAPTURE_AUTORELEASING = YES;
				CLANG_WARN_BOOL_CONVERSION = YES;
				CLANG_WARN_COMMA = YES;
				CLANG_WARN_CONSTANT_CONVERSION = YES;
				CLANG_WARN_DEPRECATED_OBJC_IMPLEMENTATIONS = YES;
				CLANG_WARN_DIRECT_OBJC_ISA_USAGE = YES_ERROR;
				CLANG_WARN_DOCUMENTATION_COMMENTS = YES;
				CLANG_WARN_EMPTY_BODY = YES;
				CLANG_WARN_ENUM_CONVERSION = YES;
				CLANG_WARN_INFINITE_RECURSION = YES;
				CLANG_WARN_INT_CONVERSION = YES;
				CLANG_WARN_NON_LITERAL_NULL_CONVERSION = YES;
				CLANG_WARN_OBJC_IMPLICIT_RETAIN_SELF = YES;
				CLANG_WARN_OBJC_LITERAL_CONVERSION = YES;
				CLANG_WARN_OBJC_ROOT_CLASS = YES_ERROR;
				CLANG_WARN_QUOTED_INCLUDE_IN_FRAMEWORK_HEADER = YES;
				CLANG_WARN_RANGE_LOOP_ANALYSIS = YES;
				CLANG_WARN_STRICT_PROTOTYPES = YES;
				CLANG_WARN_SUSPICIOUS_MOVE = YES;
				CLANG_WARN_UNGUARDED_AVAILABILITY = YES_AGGRESSIVE;
				CLANG_WARN_UNREACHABLE_CODE = YES;
				CLANG_WARN__DUPLICATE_METHOD_MATCH = YES;
				COPY_PHASE_STRIP = NO;
				DEBUG_INFORMATION_FORMAT = dwarf;
				ENABLE_STRICT_OBJC_MSGSEND = YES;
				ENABLE_TESTABILITY = YES;
				ENABLE_USER_SCRIPT_SANDBOXING = YES;
				GCC_C_LANGUAGE_STANDARD = gnu17;
				GCC_DYNAMIC_NO_PIC = NO;
				GCC_NO_COMMON_BLOCKS = YES;
				GCC_OPTIMIZATION_LEVEL = 0;
				GCC_PREPROCESSOR_DEFINITIONS = (
					"DEBUG=1",
					"$(inherited)",
				);
				GCC_WARN_64_TO_32_BIT_CONVERSION = YES;
				GCC_WARN_ABOUT_RETURN_TYPE = YES_ERROR;
				GCC_WARN_UNDECLARED_SELECTOR = YES;
				GCC_WARN_UNINITIALIZED_AUTOS = YES_AGGRESSIVE;
				GCC_WARN_UNUSED_FUNCTION = YES;
				GCC_WARN_UNUSED_VARIABLE = YES;
				IPHONEOS_DEPLOYMENT_TARGET = 17.2;
				LOCALIZATION_PREFERS_STRING_CATALOGS = YES;
				MTL_ENABLE_DEBUG_INFO = INCLUDE_SOURCE;
				MTL_FAST_MATH = YES;
				ONLY_ACTIVE_ARCH = YES;
				SDKROOT = iphoneos;
				SWIFT_ACTIVE_COMPILATION_CONDITIONS = "DEBUG $(inherited)";
				SWIFT_OPTIMIZATION_LEVEL = "-Onone";
			};
			name = Debug;
		};
		151ED08E2B8F1F0200273F71 /* Release */ = {
			isa = XCBuildConfiguration;
			buildSettings = {
				ALWAYS_SEARCH_USER_PATHS = NO;
				ASSETCATALOG_COMPILER_GENERATE_SWIFT_ASSET_SYMBOL_EXTENSIONS = YES;
				CLANG_ANALYZER_NONNULL = YES;
				CLANG_ANALYZER_NUMBER_OBJECT_CONVERSION = YES_AGGRESSIVE;
				CLANG_CXX_LANGUAGE_STANDARD = "gnu++20";
				CLANG_ENABLE_MODULES = YES;
				CLANG_ENABLE_OBJC_ARC = YES;
				CLANG_ENABLE_OBJC_WEAK = YES;
				CLANG_WARN_BLOCK_CAPTURE_AUTORELEASING = YES;
				CLANG_WARN_BOOL_CONVERSION = YES;
				CLANG_WARN_COMMA = YES;
				CLANG_WARN_CONSTANT_CONVERSION = YES;
				CLANG_WARN_DEPRECATED_OBJC_IMPLEMENTATIONS = YES;
				CLANG_WARN_DIRECT_OBJC_ISA_USAGE = YES_ERROR;
				CLANG_WARN_DOCUMENTATION_COMMENTS = YES;
				CLANG_WARN_EMPTY_BODY = YES;
				CLANG_WARN_ENUM_CONVERSION = YES;
				CLANG_WARN_INFINITE_RECURSION = YES;
				CLANG_WARN_INT_CONVERSION = YES;
				CLANG_WARN_NON_LITERAL_NULL_CONVERSION = YES;
				CLANG_WARN_OBJC_IMPLICIT_RETAIN_SELF = YES;
				CLANG_WARN_OBJC_LITERAL_CONVERSION = YES;
				CLANG_WARN_OBJC_ROOT_CLASS = YES_ERROR;
				CLANG_WARN_QUOTED_INCLUDE_IN_FRAMEWORK_HEADER = YES;
				CLANG_WARN_RANGE_LOOP_ANALYSIS = YES;
				CLANG_WARN_STRICT_PROTOTYPES = YES;
				CLANG_WARN_SUSPICIOUS_MOVE = YES;
				CLANG_WARN_UNGUARDED_AVAILABILITY = YES_AGGRESSIVE;
				CLANG_WARN_UNREACHABLE_CODE = YES;
				CLANG_WARN__DUPLICATE_METHOD_MATCH = YES;
				COPY_PHASE_STRIP = NO;
				DEBUG_INFORMATION_FORMAT = "dwarf-with-dsym";
				ENABLE_NS_ASSERTIONS = NO;
				ENABLE_STRICT_OBJC_MSGSEND = YES;
				ENABLE_USER_SCRIPT_SANDBOXING = YES;
				GCC_C_LANGUAGE_STANDARD = gnu17;
				GCC_NO_COMMON_BLOCKS = YES;
				GCC_WARN_64_TO_32_BIT_CONVERSION = YES;
				GCC_WARN_ABOUT_RETURN_TYPE = YES_ERROR;
				GCC_WARN_UNDECLARED_SELECTOR = YES;
				GCC_WARN_UNINITIALIZED_AUTOS = YES_AGGRESSIVE;
				GCC_WARN_UNUSED_FUNCTION = YES;
				GCC_WARN_UNUSED_VARIABLE = YES;
				IPHONEOS_DEPLOYMENT_TARGET = 17.2;
				LOCALIZATION_PREFERS_STRING_CATALOGS = YES;
				MTL_ENABLE_DEBUG_INFO = NO;
				MTL_FAST_MATH = YES;
				SDKROOT = iphoneos;
				SWIFT_COMPILATION_MODE = wholemodule;
				VALIDATE_PRODUCT = YES;
			};
			name = Release;
		};
		151ED0902B8F1F0200273F71 /* Debug */ = {
			isa = XCBuildConfiguration;
			baseConfigurationReference = ADC0C8B3FC23F43FE6D88131 /* Pods-UiCustomLibs.debug.xcconfig */;
			buildSettings = {
				ASSETCATALOG_COMPILER_APPICON_NAME = AppIcon;
				ASSETCATALOG_COMPILER_GLOBAL_ACCENT_COLOR_NAME = AccentColor;
				CODE_SIGN_STYLE = Automatic;
				CURRENT_PROJECT_VERSION = 1;
				ENABLE_USER_SCRIPT_SANDBOXING = NO;
				GENERATE_INFOPLIST_FILE = YES;
				INFOPLIST_FILE = UiCustomLibs/Info.plist;
				INFOPLIST_KEY_UIApplicationSupportsIndirectInputEvents = YES;
				INFOPLIST_KEY_UILaunchStoryboardName = LaunchScreen;
				INFOPLIST_KEY_UIMainStoryboardFile = Main;
				INFOPLIST_KEY_UISupportedInterfaceOrientations_iPad = "UIInterfaceOrientationPortrait UIInterfaceOrientationPortraitUpsideDown UIInterfaceOrientationLandscapeLeft UIInterfaceOrientationLandscapeRight";
				INFOPLIST_KEY_UISupportedInterfaceOrientations_iPhone = "UIInterfaceOrientationPortrait UIInterfaceOrientationLandscapeLeft UIInterfaceOrientationLandscapeRight";
				LD_RUNPATH_SEARCH_PATHS = (
					"$(inherited)",
					"@executable_path/Frameworks",
				);
				MARKETING_VERSION = 1.0;
				PRODUCT_BUNDLE_IDENTIFIER = dev.rhy.ios.UiCustomLibs;
				PRODUCT_NAME = "$(TARGET_NAME)";
				SWIFT_EMIT_LOC_STRINGS = YES;
				SWIFT_VERSION = 5.0;
				TARGETED_DEVICE_FAMILY = "1,2";
			};
			name = Debug;
		};
		151ED0912B8F1F0200273F71 /* Release */ = {
			isa = XCBuildConfiguration;
			baseConfigurationReference = 01FAB85CAE14423BB06A5202 /* Pods-UiCustomLibs.release.xcconfig */;
			buildSettings = {
				ASSETCATALOG_COMPILER_APPICON_NAME = AppIcon;
				ASSETCATALOG_COMPILER_GLOBAL_ACCENT_COLOR_NAME = AccentColor;
				CODE_SIGN_STYLE = Automatic;
				CURRENT_PROJECT_VERSION = 1;
				ENABLE_USER_SCRIPT_SANDBOXING = NO;
				GENERATE_INFOPLIST_FILE = YES;
				INFOPLIST_FILE = UiCustomLibs/Info.plist;
				INFOPLIST_KEY_UIApplicationSupportsIndirectInputEvents = YES;
				INFOPLIST_KEY_UILaunchStoryboardName = LaunchScreen;
				INFOPLIST_KEY_UIMainStoryboardFile = Main;
				INFOPLIST_KEY_UISupportedInterfaceOrientations_iPad = "UIInterfaceOrientationPortrait UIInterfaceOrientationPortraitUpsideDown UIInterfaceOrientationLandscapeLeft UIInterfaceOrientationLandscapeRight";
				INFOPLIST_KEY_UISupportedInterfaceOrientations_iPhone = "UIInterfaceOrientationPortrait UIInterfaceOrientationLandscapeLeft UIInterfaceOrientationLandscapeRight";
				LD_RUNPATH_SEARCH_PATHS = (
					"$(inherited)",
					"@executable_path/Frameworks",
				);
				MARKETING_VERSION = 1.0;
				PRODUCT_BUNDLE_IDENTIFIER = dev.rhy.ios.UiCustomLibs;
				PRODUCT_NAME = "$(TARGET_NAME)";
				SWIFT_EMIT_LOC_STRINGS = YES;
				SWIFT_VERSION = 5.0;
				TARGETED_DEVICE_FAMILY = "1,2";
			};
			name = Release;
		};
/* End XCBuildConfiguration section */

/* Begin XCConfigurationList section */
		151ED0762B8F1F0100273F71 /* Build configuration list for PBXProject "UiCustomLibs" */ = {
			isa = XCConfigurationList;
			buildConfigurations = (
				151ED08D2B8F1F0200273F71 /* Debug */,
				151ED08E2B8F1F0200273F71 /* Release */,
			);
			defaultConfigurationIsVisible = 0;
			defaultConfigurationName = Release;
		};
		151ED08F2B8F1F0200273F71 /* Build configuration list for PBXNativeTarget "UiCustomLibs" */ = {
			isa = XCConfigurationList;
			buildConfigurations = (
				151ED0902B8F1F0200273F71 /* Debug */,
				151ED0912B8F1F0200273F71 /* Release */,
			);
			defaultConfigurationIsVisible = 0;
			defaultConfigurationName = Release;
		};
/* End XCConfigurationList section */
	};
	rootObject = 151ED0732B8F1F0100273F71 /* Project object */;
}
